// !$*UTF8*$!
{
	archiveVersion = 1;
	classes = {
	};
	objectVersion = 77;
	objects = {

/* Begin PBXBuildFile section */
		5FCD68EA14006292B24D5BFC /* CameraManager.swift in Sources */ = {isa = PBXBuildFile; fileRef = 85099E34F3F1975A0010AEFF /* CameraManager.swift */; };
		6EE3990CE8D5361DEF03DBE5 /* Assets.xcassets in Resources */ = {isa = PBXBuildFile; fileRef = 30C3EB2B6BB7093630DACF7A /* Assets.xcassets */; };
		7423CA16BF110D9495BDD5F9 /* FenettaApp.swift in Sources */ = {isa = PBXBuildFile; fileRef = F6DDC585EC6151490D98CDDC /* FenettaApp.swift */; };
		9AF12A6F694084E3283B5AE8 /* ContentView.swift in Sources */ = {isa = PBXBuildFile; fileRef = 64EB3645680B23B8E25F00B5 /* ContentView.swift */; };
		9DC96816E338AD4734C6B6BC /* ControlsOverlay.swift in Sources */ = {isa = PBXBuildFile; fileRef = 0E82F1A7F76E9654477BEC4F /* ControlsOverlay.swift */; };
		BBC86088AFE55DECB216D37C /* CameraPreviewView.swift in Sources */ = {isa = PBXBuildFile; fileRef = 62DEDC74EF2C7E435BD06274 /* CameraPreviewView.swift */; };
		D041AF04F9E72952D74C591C /* ViewerState.swift in Sources */ = {isa = PBXBuildFile; fileRef = F4C84081DE76A409A9910ED2 /* ViewerState.swift */; };
		D5A9EBBC46FEA24D05DAC557 /* GestureOverlay.swift in Sources */ = {isa = PBXBuildFile; fileRef = C6B5436CD245EF4C0A354AFA /* GestureOverlay.swift */; };
/* End PBXBuildFile section */

/* Begin PBXFileReference section */
		0E82F1A7F76E9654477BEC4F /* ControlsOverlay.swift */ = {isa = PBXFileReference; lastKnownFileType = sourcecode.swift; path = ControlsOverlay.swift; sourceTree = "<group>"; };
		15531395495828FD8C8C16CE /* Fenetta.app */ = {isa = PBXFileReference; includeInIndex = 0; lastKnownFileType = wrapper.application; path = Fenetta.app; sourceTree = BUILT_PRODUCTS_DIR; };
		30C3EB2B6BB7093630DACF7A /* Assets.xcassets */ = {isa = PBXFileReference; lastKnownFileType = folder.assetcatalog; path = Assets.xcassets; sourceTree = "<group>"; };
		62DEDC74EF2C7E435BD06274 /* CameraPreviewView.swift */ = {isa = PBXFileReference; lastKnownFileType = sourcecode.swift; path = CameraPreviewView.swift; sourceTree = "<group>"; };
		64EB3645680B23B8E25F00B5 /* ContentView.swift */ = {isa = PBXFileReference; lastKnownFileType = sourcecode.swift; path = ContentView.swift; sourceTree = "<group>"; };
		85099E34F3F1975A0010AEFF /* CameraManager.swift */ = {isa = PBXFileReference; lastKnownFileType = sourcecode.swift; path = CameraManager.swift; sourceTree = "<group>"; };
		B13C05EDD2666F1B53489391 /* Info.plist */ = {isa = PBXFileReference; lastKnownFileType = text.plist; path = Info.plist; sourceTree = "<group>"; };
		C6B5436CD245EF4C0A354AFA /* GestureOverlay.swift */ = {isa = PBXFileReference; lastKnownFileType = sourcecode.swift; path = GestureOverlay.swift; sourceTree = "<group>"; };
		F4C84081DE76A409A9910ED2 /* ViewerState.swift */ = {isa = PBXFileReference; lastKnownFileType = sourcecode.swift; path = ViewerState.swift; sourceTree = "<group>"; };
		F6DDC585EC6151490D98CDDC /* FenettaApp.swift */ = {isa = PBXFileReference; lastKnownFileType = sourcecode.swift; path = FenettaApp.swift; sourceTree = "<group>"; };
/* End PBXFileReference section */

/* Begin PBXGroup section */
		0D2513F5FA3E44574B978521 /* Products */ = {
			isa = PBXGroup;
			children = (
				15531395495828FD8C8C16CE /* Fenetta.app */,
			);
			name = Products;
			sourceTree = "<group>";
		};
		93868B67A80E0542D39EA7E6 = {
			isa = PBXGroup;
			children = (
				DFB5542F85073D19F86FAD93 /* Fenetta */,
				0D2513F5FA3E44574B978521 /* Products */,
			);
			sourceTree = "<group>";
		};
		DFB5542F85073D19F86FAD93 /* Fenetta */ = {
			isa = PBXGroup;
			children = (
				30C3EB2B6BB7093630DACF7A /* Assets.xcassets */,
				85099E34F3F1975A0010AEFF /* CameraManager.swift */,
				62DEDC74EF2C7E435BD06274 /* CameraPreviewView.swift */,
				64EB3645680B23B8E25F00B5 /* ContentView.swift */,
				0E82F1A7F76E9654477BEC4F /* ControlsOverlay.swift */,
				F6DDC585EC6151490D98CDDC /* FenettaApp.swift */,
				C6B5436CD245EF4C0A354AFA /* GestureOverlay.swift */,
				B13C05EDD2666F1B53489391 /* Info.plist */,
				F4C84081DE76A409A9910ED2 /* ViewerState.swift */,
			);
			path = Fenetta;
			sourceTree = "<group>";
		};
/* End PBXGroup section */

/* Begin PBXNativeTarget section */
		29BB2428CEE8447FEB9F20F4 /* Fenetta */ = {
			isa = PBXNativeTarget;
			buildConfigurationList = 1B0CBB24C680B3222D9B6805 /* Build configuration list for PBXNativeTarget "Fenetta" */;
			buildPhases = (
				C8AE55F59DC661543AB07011 /* Sources */,
				19097BCD99AED2BBBD4616FB /* Resources */,
			);
			buildRules = (
			);
			dependencies = (
			);
			name = Fenetta;
			packageProductDependencies = (
			);
			productName = Fenetta;
			productReference = 15531395495828FD8C8C16CE /* Fenetta.app */;
			productType = "com.apple.product-type.application";
		};
/* End PBXNativeTarget section */

/* Begin PBXProject section */
		37C0A45AACCD7778574AF4B2 /* Project object */ = {
			isa = PBXProject;
			attributes = {
				BuildIndependentTargetsInParallel = YES;
				LastUpgradeCheck = 1600;
				TargetAttributes = {
					29BB2428CEE8447FEB9F20F4 = {
						DevelopmentTeam = 2YN5TLNQ9J;
						ProvisioningStyle = Automatic;
					};
				};
			};
			buildConfigurationList = 771D62E81BB493E3D44F8000 /* Build configuration list for PBXProject "Fenetta" */;
			compatibilityVersion = "Xcode 14.0";
			developmentRegion = en;
			hasScannedForEncodings = 0;
			knownRegions = (
				Base,
				en,
			);
			mainGroup = 93868B67A80E0542D39EA7E6;
			minimizedProjectReferenceProxies = 1;
			preferredProjectObjectVersion = 77;
			projectDirPath = "";
			projectRoot = "";
			targets = (
				29BB2428CEE8447FEB9F20F4 /* Fenetta */,
			);
		};
/* End PBXProject section */

/* Begin PBXResourcesBuildPhase section */
		19097BCD99AED2BBBD4616FB /* Resources */ = {
			isa = PBXResourcesBuildPhase;
			buildActionMask = 2147483647;
			files = (
				6EE3990CE8D5361DEF03DBE5 /* Assets.xcassets in Resources */,
			);
			runOnlyForDeploymentPostprocessing = 0;
		};
/* End PBXResourcesBuildPhase section */

/* Begin PBXSourcesBuildPhase section */
		C8AE55F59DC661543AB07011 /* Sources */ = {
			isa = PBXSourcesBuildPhase;
			buildActionMask = 2147483647;
			files = (
				5FCD68EA14006292B24D5BFC /* CameraManager.swift in Sources */,
				BBC86088AFE55DECB216D37C /* CameraPreviewView.swift in Sources */,
				9AF12A6F694084E3283B5AE8 /* ContentView.swift in Sources */,
				9DC96816E338AD4734C6B6BC /* ControlsOverlay.swift in Sources */,
				7423CA16BF110D9495BDD5F9 /* FenettaApp.swift in Sources */,
				D5A9EBBC46FEA24D05DAC557 /* GestureOverlay.swift in Sources */,
				D041AF04F9E72952D74C591C /* ViewerState.swift in Sources */,
			);
			runOnlyForDeploymentPostprocessing = 0;
		};
/* End PBXSourcesBuildPhase section */

/* Begin XCBuildConfiguration section */
		2363AF66AC8B41B398DB9DC0 /* Debug */ = {
			isa = XCBuildConfiguration;
			buildSettings = {
				ALWAYS_SEARCH_USER_PATHS = NO;
				CLANG_ANALYZER_NONNULL = YES;
				CLANG_ANALYZER_NUMBER_OBJECT_CONVERSION = YES_AGGRESSIVE;
				CLANG_CXX_LANGUAGE_STANDARD = "gnu++14";
				CLANG_CXX_LIBRARY = "libc++";
				CLANG_ENABLE_MODULES = YES;
				CLANG_ENABLE_OBJC_ARC = YES;
				CLANG_ENABLE_OBJC_WEAK = YES;
				CLANG_WARN_BLOCK_CAPTURE_AUTORELEASING = YES;
				CLANG_WARN_BOOL_CONVERSION = YES;
				CLANG_WARN_COMMA = YES;
				CLANG_WARN_CONSTANT_CONVERSION = YES;
				CLANG_WARN_DEPRECATED_OBJC_IMPLEMENTATIONS = YES;
				CLANG_WARN_DIRECT_OBJC_ISA_USAGE = YES_ERROR;
				CLANG_WARN_DOCUMENTATION_COMMENTS = YES;
				CLANG_WARN_EMPTY_BODY = YES;
				CLANG_WARN_ENUM_CONVERSION = YES;
				CLANG_WARN_INFINITE_RECURSION = YES;
				CLANG_WARN_INT_CONVERSION = YES;
				CLANG_WARN_NON_LITERAL_NULL_CONVERSION = YES;
				CLANG_WARN_OBJC_IMPLICIT_RETAIN_SELF = YES;
				CLANG_WARN_OBJC_LITERAL_CONVERSION = YES;
				CLANG_WARN_OBJC_ROOT_CLASS = YES_ERROR;
				CLANG_WARN_QUOTED_INCLUDE_IN_FRAMEWORK_HEADER = YES;
				CLANG_WARN_RANGE_LOOP_ANALYSIS = YES;
				CLANG_WARN_STRICT_PROTOTYPES = YES;
				CLANG_WARN_SUSPICIOUS_MOVE = YES;
				CLANG_WARN_UNGUARDED_AVAILABILITY = YES_AGGRESSIVE;
				CLANG_WARN_UNREACHABLE_CODE = YES;
				CLANG_WARN__DUPLICATE_METHOD_MATCH = YES;
				COPY_PHASE_STRIP = NO;
				DEBUG_INFORMATION_FORMAT = dwarf;
				ENABLE_STRICT_OBJC_MSGSEND = YES;
				ENABLE_TESTABILITY = YES;
				GCC_C_LANGUAGE_STANDARD = gnu11;
				GCC_DYNAMIC_NO_PIC = NO;
				GCC_NO_COMMON_BLOCKS = YES;
				GCC_OPTIMIZATION_LEVEL = 0;
				GCC_PREPROCESSOR_DEFINITIONS = (
					"$(inherited)",
					"DEBUG=1",
				);
				GCC_WARN_64_TO_32_BIT_CONVERSION = YES;
				GCC_WARN_ABOUT_RETURN_TYPE = YES_ERROR;
				GCC_WARN_UNDECLARED_SELECTOR = YES;
				GCC_WARN_UNINITIALIZED_AUTOS = YES_AGGRESSIVE;
				GCC_WARN_UNUSED_FUNCTION = YES;
				GCC_WARN_UNUSED_VARIABLE = YES;
				IPHONEOS_DEPLOYMENT_TARGET = 17.0;
				MTL_ENABLE_DEBUG_INFO = INCLUDE_SOURCE;
				MTL_FAST_MATH = YES;
				ONLY_ACTIVE_ARCH = YES;
				PRODUCT_NAME = "$(TARGET_NAME)";
				SDKROOT = iphoneos;
				SWIFT_ACTIVE_COMPILATION_CONDITIONS = DEBUG;
				SWIFT_OPTIMIZATION_LEVEL = "-Onone";
				SWIFT_VERSION = 5.0;
			};
			name = Debug;
		};
		61B97DEDE5C51D59E191638E /* Release */ = {
			isa = XCBuildConfiguration;
			buildSettings = {
				ASSETCATALOG_COMPILER_APPICON_NAME = AppIcon;
				CODE_SIGN_IDENTITY = "iPhone Developer";
				CODE_SIGN_STYLE = Automatic;
				CURRENT_PROJECT_VERSION = 1;
				DEVELOPMENT_TEAM = 2YN5TLNQ9J;
				GENERATE_INFOPLIST_FILE = NO;
				INFOPLIST_FILE = Fenetta/Info.plist;
				LD_RUNPATH_SEARCH_PATHS = (
					"$(inherited)",
					"@executable_path/Frameworks",
				);
				MARKETING_VERSION = 1.0;
				PRODUCT_BUNDLE_IDENTIFIER = com.ytyng.Fenetta;
				SDKROOT = iphoneos;
				SUPPORTS_MACCATALYST = NO;
				SWIFT_VERSION = 5.0;
				TARGETED_DEVICE_FAMILY = 2;
			};
			name = Release;
		};
		7909CD172D5B810A668EA75D /* Debug */ = {
			isa = XCBuildConfiguration;
			buildSettings = {
				ASSETCATALOG_COMPILER_APPICON_NAME = AppIcon;
				CODE_SIGN_IDENTITY = "iPhone Developer";
				CODE_SIGN_STYLE = Automatic;
				CURRENT_PROJECT_VERSION = 1;
				DEVELOPMENT_TEAM = 2YN5TLNQ9J;
				GENERATE_INFOPLIST_FILE = NO;
				INFOPLIST_FILE = Fenetta/Info.plist;
				LD_RUNPATH_SEARCH_PATHS = (
					"$(inherited)",
					"@executable_path/Frameworks",
				);
				MARKETING_VERSION = 1.0;
				PRODUCT_BUNDLE_IDENTIFIER = com.ytyng.Fenetta;
				SDKROOT = iphoneos;
				SUPPORTS_MACCATALYST = NO;
				SWIFT_VERSION = 5.0;
				TARGETED_DEVICE_FAMILY = 2;
			};
			name = Debug;
		};
		D3CF783DAED98D97E94EE005 /* Release */ = {
			isa = XCBuildConfiguration;
			buildSettings = {
				ALWAYS_SEARCH_USER_PATHS = NO;
				CLANG_ANALYZER_NONNULL = YES;
				CLANG_ANALYZER_NUMBER_OBJECT_CONVERSION = YES_AGGRESSIVE;
				CLANG_CXX_LANGUAGE_STANDARD = "gnu++14";
				CLANG_CXX_LIBRARY = "libc++";
				CLANG_ENABLE_MODULES = YES;
				CLANG_ENABLE_OBJC_ARC = YES;
				CLANG_ENABLE_OBJC_WEAK = YES;
				CLANG_WARN_BLOCK_CAPTURE_AUTORELEASING = YES;
				CLANG_WARN_BOOL_CONVERSION = YES;
				CLANG_WARN_COMMA = YES;
				CLANG_WARN_CONSTANT_CONVERSION = YES;
				CLANG_WARN_DEPRECATED_OBJC_IMPLEMENTATIONS = YES;
				CLANG_WARN_DIRECT_OBJC_ISA_USAGE = YES_ERROR;
				CLANG_WARN_DOCUMENTATION_COMMENTS = YES;
				CLANG_WARN_EMPTY_BODY = YES;
				CLANG_WARN_ENUM_CONVERSION = YES;
				CLANG_WARN_INFINITE_RECURSION = YES;
				CLANG_WARN_INT_CONVERSION = YES;
				CLANG_WARN_NON_LITERAL_NULL_CONVERSION = YES;
				CLANG_WARN_OBJC_IMPLICIT_RETAIN_SELF = YES;
				CLANG_WARN_OBJC_LITERAL_CONVERSION = YES;
				CLANG_WARN_OBJC_ROOT_CLASS = YES_ERROR;
				CLANG_WARN_QUOTED_INCLUDE_IN_FRAMEWORK_HEADER = YES;
				CLANG_WARN_RANGE_LOOP_ANALYSIS = YES;
				CLANG_WARN_STRICT_PROTOTYPES = YES;
				CLANG_WARN_SUSPICIOUS_MOVE = YES;
				CLANG_WARN_UNGUARDED_AVAILABILITY = YES_AGGRESSIVE;
				CLANG_WARN_UNREACHABLE_CODE = YES;
				CLANG_WARN__DUPLICATE_METHOD_MATCH = YES;
				COPY_PHASE_STRIP = NO;
				DEBUG_INFORMATION_FORMAT = "dwarf-with-dsym";
				ENABLE_NS_ASSERTIONS = NO;
				ENABLE_STRICT_OBJC_MSGSEND = YES;
				GCC_C_LANGUAGE_STANDARD = gnu11;
				GCC_NO_COMMON_BLOCKS = YES;
				GCC_WARN_64_TO_32_BIT_CONVERSION = YES;
				GCC_WARN_ABOUT_RETURN_TYPE = YES_ERROR;
				GCC_WARN_UNDECLARED_SELECTOR = YES;
				GCC_WARN_UNINITIALIZED_AUTOS = YES_AGGRESSIVE;
				GCC_WARN_UNUSED_FUNCTION = YES;
				GCC_WARN_UNUSED_VARIABLE = YES;
				IPHONEOS_DEPLOYMENT_TARGET = 17.0;
				MTL_ENABLE_DEBUG_INFO = NO;
				MTL_FAST_MATH = YES;
				PRODUCT_NAME = "$(TARGET_NAME)";
				SDKROOT = iphoneos;
				SWIFT_COMPILATION_MODE = wholemodule;
				SWIFT_OPTIMIZATION_LEVEL = "-O";
				SWIFT_VERSION = 5.0;
			};
			name = Release;
		};
/* End XCBuildConfiguration section */

/* Begin XCConfigurationList section */
		1B0CBB24C680B3222D9B6805 /* Build configuration list for PBXNativeTarget "Fenetta" */ = {
			isa = XCConfigurationList;
			buildConfigurations = (
				7909CD172D5B810A668EA75D /* Debug */,
				61B97DEDE5C51D59E191638E /* Release */,
			);
			defaultConfigurationIsVisible = 0;
			defaultConfigurationName = Debug;
		};
		771D62E81BB493E3D44F8000 /* Build configuration list for PBXProject "Fenetta" */ = {
			isa = XCConfigurationList;
			buildConfigurations = (
				2363AF66AC8B41B398DB9DC0 /* Debug */,
				D3CF783DAED98D97E94EE005 /* Release */,
			);
			defaultConfigurationIsVisible = 0;
			defaultConfigurationName = Debug;
		};
/* End XCConfigurationList section */
	};
	rootObject = 37C0A45AACCD7778574AF4B2 /* Project object */;
}
